// !$*UTF8*$!
{
	archiveVersion = 1;
	classes = {
	};
	objectVersion = 56;
	objects = {

/* Begin PBXBuildFile section */
		FBB408912919E53900DC8F63 /* AppDelegate.swift in Sources */ = {isa = PBXBuildFile; fileRef = FBB408902919E53900DC8F63 /* AppDelegate.swift */; };
		FBB408932919E53900DC8F63 /* SceneDelegate.swift in Sources */ = {isa = PBXBuildFile; fileRef = FBB408922919E53900DC8F63 /* SceneDelegate.swift */; };
		FBB408982919E53900DC8F63 /* Main.storyboard in Resources */ = {isa = PBXBuildFile; fileRef = FBB408962919E53900DC8F63 /* Main.storyboard */; };
		FBB4089A2919E53B00DC8F63 /* Assets.xcassets in Resources */ = {isa = PBXBuildFile; fileRef = FBB408992919E53B00DC8F63 /* Assets.xcassets */; };
		FBB4089D2919E53B00DC8F63 /* LaunchScreen.storyboard in Resources */ = {isa = PBXBuildFile; fileRef = FBB4089B2919E53B00DC8F63 /* LaunchScreen.storyboard */; };
		FBB408A82919E53B00DC8F63 /* UnwindSegueWorkShopTests.swift in Sources */ = {isa = PBXBuildFile; fileRef = FBB408A72919E53B00DC8F63 /* UnwindSegueWorkShopTests.swift */; };
		FBB408B22919E53C00DC8F63 /* UnwindSegueWorkShopUITests.swift in Sources */ = {isa = PBXBuildFile; fileRef = FBB408B12919E53C00DC8F63 /* UnwindSegueWorkShopUITests.swift */; };
		FBB408B42919E53C00DC8F63 /* UnwindSegueWorkShopUITestsLaunchTests.swift in Sources */ = {isa = PBXBuildFile; fileRef = FBB408B32919E53C00DC8F63 /* UnwindSegueWorkShopUITestsLaunchTests.swift */; };
		FBB408C22919E58100DC8F63 /* AViewController.swift in Sources */ = {isa = PBXBuildFile; fileRef = FBB408C12919E58100DC8F63 /* AViewController.swift */; };
		FBB408C42919E58B00DC8F63 /* BViewController.swift in Sources */ = {isa = PBXBuildFile; fileRef = FBB408C32919E58B00DC8F63 /* BViewController.swift */; };
		FBB408C62919E5A000DC8F63 /* CViewController.swift in Sources */ = {isa = PBXBuildFile; fileRef = FBB408C52919E5A000DC8F63 /* CViewController.swift */; };
		FBB408C82919E5AA00DC8F63 /* DViewController.swift in Sources */ = {isa = PBXBuildFile; fileRef = FBB408C72919E5AA00DC8F63 /* DViewController.swift */; };
		FBB408CA2919E5B600DC8F63 /* EViewController.swift in Sources */ = {isa = PBXBuildFile; fileRef = FBB408C92919E5B600DC8F63 /* EViewController.swift */; };
		FBB408D12919E69D00DC8F63 /* BStoryboard.storyboard in Resources */ = {isa = PBXBuildFile; fileRef = FBB408D02919E69D00DC8F63 /* BStoryboard.storyboard */; };
		FBB408D32919E70D00DC8F63 /* CStoryboard.storyboard in Resources */ = {isa = PBXBuildFile; fileRef = FBB408D22919E70D00DC8F63 /* CStoryboard.storyboard */; };
		FBB408D52919E77300DC8F63 /* DStoryboard.storyboard in Resources */ = {isa = PBXBuildFile; fileRef = FBB408D42919E77300DC8F63 /* DStoryboard.storyboard */; };
		FBB408D72919E7A600DC8F63 /* EStoryboard.storyboard in Resources */ = {isa = PBXBuildFile; fileRef = FBB408D62919E7A600DC8F63 /* EStoryboard.storyboard */; };
/* End PBXBuildFile section */

/* Begin PBXContainerItemProxy section */
		FBB408A42919E53B00DC8F63 /* PBXContainerItemProxy */ = {
			isa = PBXContainerItemProxy;
			containerPortal = FBB408852919E53900DC8F63 /* Project object */;
			proxyType = 1;
			remoteGlobalIDString = FBB4088C2919E53900DC8F63;
			remoteInfo = UnwindSegueWorkShop;
		};
		FBB408AE2919E53C00DC8F63 /* PBXContainerItemProxy */ = {
			isa = PBXContainerItemProxy;
			containerPortal = FBB408852919E53900DC8F63 /* Project object */;
			proxyType = 1;
			remoteGlobalIDString = FBB4088C2919E53900DC8F63;
			remoteInfo = UnwindSegueWorkShop;
		};
/* End PBXContainerItemProxy section */

/* Begin PBXFileReference section */
		FBB4088D2919E53900DC8F63 /* UnwindSegueWorkShop.app */ = {isa = PBXFileReference; explicitFileType = wrapper.application; includeInIndex = 0; path = UnwindSegueWorkShop.app; sourceTree = BUILT_PRODUCTS_DIR; };
		FBB408902919E53900DC8F63 /* AppDelegate.swift */ = {isa = PBXFileReference; lastKnownFileType = sourcecode.swift; path = AppDelegate.swift; sourceTree = "<group>"; };
		FBB408922919E53900DC8F63 /* SceneDelegate.swift */ = {isa = PBXFileReference; lastKnownFileType = sourcecode.swift; path = SceneDelegate.swift; sourceTree = "<group>"; };
		FBB408972919E53900DC8F63 /* Base */ = {isa = PBXFileReference; lastKnownFileType = file.storyboard; name = Base; path = Base.lproj/Main.storyboard; sourceTree = "<group>"; };
		FBB408992919E53B00DC8F63 /* Assets.xcassets */ = {isa = PBXFileReference; lastKnownFileType = folder.assetcatalog; path = Assets.xcassets; sourceTree = "<group>"; };
		FBB4089C2919E53B00DC8F63 /* Base */ = {isa = PBXFileReference; lastKnownFileType = file.storyboard; name = Base; path = Base.lproj/LaunchScreen.storyboard; sourceTree = "<group>"; };
		FBB4089E2919E53B00DC8F63 /* Info.plist */ = {isa = PBXFileReference; lastKnownFileType = text.plist.xml; path = Info.plist; sourceTree = "<group>"; };
		FBB408A32919E53B00DC8F63 /* UnwindSegueWorkShopTests.xctest */ = {isa = PBXFileReference; explicitFileType = wrapper.cfbundle; includeInIndex = 0; path = UnwindSegueWorkShopTests.xctest; sourceTree = BUILT_PRODUCTS_DIR; };
		FBB408A72919E53B00DC8F63 /* UnwindSegueWorkShopTests.swift */ = {isa = PBXFileReference; lastKnownFileType = sourcecode.swift; path = UnwindSegueWorkShopTests.swift; sourceTree = "<group>"; };
		FBB408AD2919E53B00DC8F63 /* UnwindSegueWorkShopUITests.xctest */ = {isa = PBXFileReference; explicitFileType = wrapper.cfbundle; includeInIndex = 0; path = UnwindSegueWorkShopUITests.xctest; sourceTree = BUILT_PRODUCTS_DIR; };
		FBB408B12919E53C00DC8F63 /* UnwindSegueWorkShopUITests.swift */ = {isa = PBXFileReference; lastKnownFileType = sourcecode.swift; path = UnwindSegueWorkShopUITests.swift; sourceTree = "<group>"; };
		FBB408B32919E53C00DC8F63 /* UnwindSegueWorkShopUITestsLaunchTests.swift */ = {isa = PBXFileReference; lastKnownFileType = sourcecode.swift; path = UnwindSegueWorkShopUITestsLaunchTests.swift; sourceTree = "<group>"; };
		FBB408C12919E58100DC8F63 /* AViewController.swift */ = {isa = PBXFileReference; lastKnownFileType = sourcecode.swift; path = AViewController.swift; sourceTree = "<group>"; };
		FBB408C32919E58B00DC8F63 /* BViewController.swift */ = {isa = PBXFileReference; lastKnownFileType = sourcecode.swift; path = BViewController.swift; sourceTree = "<group>"; };
		FBB408C52919E5A000DC8F63 /* CViewController.swift */ = {isa = PBXFileReference; lastKnownFileType = sourcecode.swift; path = CViewController.swift; sourceTree = "<group>"; };
		FBB408C72919E5AA00DC8F63 /* DViewController.swift */ = {isa = PBXFileReference; lastKnownFileType = sourcecode.swift; path = DViewController.swift; sourceTree = "<group>"; };
		FBB408C92919E5B600DC8F63 /* EViewController.swift */ = {isa = PBXFileReference; lastKnownFileType = sourcecode.swift; path = EViewController.swift; sourceTree = "<group>"; };
		FBB408D02919E69D00DC8F63 /* BStoryboard.storyboard */ = {isa = PBXFileReference; lastKnownFileType = file.storyboard; path = BStoryboard.storyboard; sourceTree = "<group>"; };
		FBB408D22919E70D00DC8F63 /* CStoryboard.storyboard */ = {isa = PBXFileReference; lastKnownFileType = file.storyboard; path = CStoryboard.storyboard; sourceTree = "<group>"; };
		FBB408D42919E77300DC8F63 /* DStoryboard.storyboard */ = {isa = PBXFileReference; lastKnownFileType = file.storyboard; path = DStoryboard.storyboard; sourceTree = "<group>"; };
		FBB408D62919E7A600DC8F63 /* EStoryboard.storyboard */ = {isa = PBXFileReference; lastKnownFileType = file.storyboard; path = EStoryboard.storyboard; sourceTree = "<group>"; };
/* End PBXFileReference section */

/* Begin PBXFrameworksBuildPhase section */
		FBB4088A2919E53900DC8F63 /* Frameworks */ = {
			isa = PBXFrameworksBuildPhase;
			buildActionMask = 2147483647;
			files = (
			);
			runOnlyForDeploymentPostprocessing = 0;
		};
		FBB408A02919E53B00DC8F63 /* Frameworks */ = {
			isa = PBXFrameworksBuildPhase;
			buildActionMask = 2147483647;
			files = (
			);
			runOnlyForDeploymentPostprocessing = 0;
		};
		FBB408AA2919E53B00DC8F63 /* Frameworks */ = {
			isa = PBXFrameworksBuildPhase;
			buildActionMask = 2147483647;
			files = (
			);
			runOnlyForDeploymentPostprocessing = 0;
		};
/* End PBXFrameworksBuildPhase section */

/* Begin PBXGroup section */
		FBB408842919E53900DC8F63 = {
			isa = PBXGroup;
			children = (
				FBB4088F2919E53900DC8F63 /* UnwindSegueWorkShop */,
				FBB408A62919E53B00DC8F63 /* UnwindSegueWorkShopTests */,
				FBB408B02919E53C00DC8F63 /* UnwindSegueWorkShopUITests */,
				FBB4088E2919E53900DC8F63 /* Products */,
			);
			sourceTree = "<group>";
		};
		FBB4088E2919E53900DC8F63 /* Products */ = {
			isa = PBXGroup;
			children = (
				FBB4088D2919E53900DC8F63 /* UnwindSegueWorkShop.app */,
				FBB408A32919E53B00DC8F63 /* UnwindSegueWorkShopTests.xctest */,
				FBB408AD2919E53B00DC8F63 /* UnwindSegueWorkShopUITests.xctest */,
			);
			name = Products;
			sourceTree = "<group>";
		};
		FBB4088F2919E53900DC8F63 /* UnwindSegueWorkShop */ = {
			isa = PBXGroup;
			children = (
				FBB408C02919E55800DC8F63 /* Controllers */,
				FBB408902919E53900DC8F63 /* AppDelegate.swift */,
				FBB408922919E53900DC8F63 /* SceneDelegate.swift */,
				FBB408992919E53B00DC8F63 /* Assets.xcassets */,
				FBB4089B2919E53B00DC8F63 /* LaunchScreen.storyboard */,
				FBB4089E2919E53B00DC8F63 /* Info.plist */,
			);
			path = UnwindSegueWorkShop;
			sourceTree = "<group>";
		};
		FBB408A62919E53B00DC8F63 /* UnwindSegueWorkShopTests */ = {
			isa = PBXGroup;
			children = (
				FBB408A72919E53B00DC8F63 /* UnwindSegueWorkShopTests.swift */,
			);
			path = UnwindSegueWorkShopTests;
			sourceTree = "<group>";
		};
		FBB408B02919E53C00DC8F63 /* UnwindSegueWorkShopUITests */ = {
			isa = PBXGroup;
			children = (
				FBB408B12919E53C00DC8F63 /* UnwindSegueWorkShopUITests.swift */,
				FBB408B32919E53C00DC8F63 /* UnwindSegueWorkShopUITestsLaunchTests.swift */,
			);
			path = UnwindSegueWorkShopUITests;
			sourceTree = "<group>";
		};
		FBB408C02919E55800DC8F63 /* Controllers */ = {
			isa = PBXGroup;
			children = (
				FBB408CE2919E5E100DC8F63 /* E */,
				FBB408CF2919E5EA00DC8F63 /* D */,
				FBB408CD2919E5DA00DC8F63 /* C */,
				FBB408CC2919E5D100DC8F63 /* B */,
				FBB408CB2919E5C700DC8F63 /* A */,
			);
			path = Controllers;
			sourceTree = "<group>";
		};
		FBB408CB2919E5C700DC8F63 /* A */ = {
			isa = PBXGroup;
			children = (
				FBB408962919E53900DC8F63 /* Main.storyboard */,
				FBB408C12919E58100DC8F63 /* AViewController.swift */,
			);
			path = A;
			sourceTree = "<group>";
		};
		FBB408CC2919E5D100DC8F63 /* B */ = {
			isa = PBXGroup;
			children = (
				FBB408D02919E69D00DC8F63 /* BStoryboard.storyboard */,
				FBB408C32919E58B00DC8F63 /* BViewController.swift */,
			);
			path = B;
			sourceTree = "<group>";
		};
		FBB408CD2919E5DA00DC8F63 /* C */ = {
			isa = PBXGroup;
			children = (
				FBB408D22919E70D00DC8F63 /* CStoryboard.storyboard */,
				FBB408C52919E5A000DC8F63 /* CViewController.swift */,
			);
			path = C;
			sourceTree = "<group>";
		};
		FBB408CE2919E5E100DC8F63 /* E */ = {
			isa = PBXGroup;
			children = (
				FBB408D62919E7A600DC8F63 /* EStoryboard.storyboard */,
				FBB408C92919E5B600DC8F63 /* EViewController.swift */,
			);
			path = E;
			sourceTree = "<group>";
		};
		FBB408CF2919E5EA00DC8F63 /* D */ = {
			isa = PBXGroup;
			children = (
				FBB408D42919E77300DC8F63 /* DStoryboard.storyboard */,
				FBB408C72919E5AA00DC8F63 /* DViewController.swift */,
			);
			path = D;
			sourceTree = "<group>";
		};
/* End PBXGroup section */

/* Begin PBXNativeTarget section */
		FBB4088C2919E53900DC8F63 /* UnwindSegueWorkShop */ = {
			isa = PBXNativeTarget;
			buildConfigurationList = FBB408B72919E53C00DC8F63 /* Build configuration list for PBXNativeTarget "UnwindSegueWorkShop" */;
			buildPhases = (
				FBB408892919E53900DC8F63 /* Sources */,
				FBB4088A2919E53900DC8F63 /* Frameworks */,
				FBB4088B2919E53900DC8F63 /* Resources */,
			);
			buildRules = (
			);
			dependencies = (
			);
			name = UnwindSegueWorkShop;
			productName = UnwindSegueWorkShop;
			productReference = FBB4088D2919E53900DC8F63 /* UnwindSegueWorkShop.app */;
			productType = "com.apple.product-type.application";
		};
		FBB408A22919E53B00DC8F63 /* UnwindSegueWorkShopTests */ = {
			isa = PBXNativeTarget;
			buildConfigurationList = FBB408BA2919E53C00DC8F63 /* Build configuration list for PBXNativeTarget "UnwindSegueWorkShopTests" */;
			buildPhases = (
				FBB4089F2919E53B00DC8F63 /* Sources */,
				FBB408A02919E53B00DC8F63 /* Frameworks */,
				FBB408A12919E53B00DC8F63 /* Resources */,
			);
			buildRules = (
			);
			dependencies = (
				FBB408A52919E53B00DC8F63 /* PBXTargetDependency */,
			);
			name = UnwindSegueWorkShopTests;
			productName = UnwindSegueWorkShopTests;
			productReference = FBB408A32919E53B00DC8F63 /* UnwindSegueWorkShopTests.xctest */;
			productType = "com.apple.product-type.bundle.unit-test";
		};
		FBB408AC2919E53B00DC8F63 /* UnwindSegueWorkShopUITests */ = {
			isa = PBXNativeTarget;
			buildConfigurationList = FBB408BD2919E53C00DC8F63 /* Build configuration list for PBXNativeTarget "UnwindSegueWorkShopUITests" */;
			buildPhases = (
				FBB408A92919E53B00DC8F63 /* Sources */,
				FBB408AA2919E53B00DC8F63 /* Frameworks */,
				FBB408AB2919E53B00DC8F63 /* Resources */,
			);
			buildRules = (
			);
			dependencies = (
				FBB408AF2919E53C00DC8F63 /* PBXTargetDependency */,
			);
			name = UnwindSegueWorkShopUITests;
			productName = UnwindSegueWorkShopUITests;
			productReference = FBB408AD2919E53B00DC8F63 /* UnwindSegueWorkShopUITests.xctest */;
			productType = "com.apple.product-type.bundle.ui-testing";
		};
/* End PBXNativeTarget section */

/* Begin PBXProject section */
		FBB408852919E53900DC8F63 /* Project object */ = {
			isa = PBXProject;
			attributes = {
				BuildIndependentTargetsInParallel = 1;
				LastSwiftUpdateCheck = 1410;
				LastUpgradeCheck = 1410;
				TargetAttributes = {
					FBB4088C2919E53900DC8F63 = {
						CreatedOnToolsVersion = 14.1;
					};
					FBB408A22919E53B00DC8F63 = {
						CreatedOnToolsVersion = 14.1;
						TestTargetID = FBB4088C2919E53900DC8F63;
					};
					FBB408AC2919E53B00DC8F63 = {
						CreatedOnToolsVersion = 14.1;
						TestTargetID = FBB4088C2919E53900DC8F63;
					};
				};
			};
			buildConfigurationList = FBB408882919E53900DC8F63 /* Build configuration list for PBXProject "UnwindSegueWorkShop" */;
			compatibilityVersion = "Xcode 14.0";
			developmentRegion = en;
			hasScannedForEncodings = 0;
			knownRegions = (
				en,
				Base,
			);
			mainGroup = FBB408842919E53900DC8F63;
			productRefGroup = FBB4088E2919E53900DC8F63 /* Products */;
			projectDirPath = "";
			projectRoot = "";
			targets = (
				FBB4088C2919E53900DC8F63 /* UnwindSegueWorkShop */,
				FBB408A22919E53B00DC8F63 /* UnwindSegueWorkShopTests */,
				FBB408AC2919E53B00DC8F63 /* UnwindSegueWorkShopUITests */,
			);
		};
/* End PBXProject section */

/* Begin PBXResourcesBuildPhase section */
		FBB4088B2919E53900DC8F63 /* Resources */ = {
			isa = PBXResourcesBuildPhase;
			buildActionMask = 2147483647;
			files = (
				FBB408D12919E69D00DC8F63 /* BStoryboard.storyboard in Resources */,
				FBB4089D2919E53B00DC8F63 /* LaunchScreen.storyboard in Resources */,
				FBB408D32919E70D00DC8F63 /* CStoryboard.storyboard in Resources */,
				FBB408D72919E7A600DC8F63 /* EStoryboard.storyboard in Resources */,
				FBB4089A2919E53B00DC8F63 /* Assets.xcassets in Resources */,
				FBB408D52919E77300DC8F63 /* DStoryboard.storyboard in Resources */,
				FBB408982919E53900DC8F63 /* Main.storyboard in Resources */,
			);
			runOnlyForDeploymentPostprocessing = 0;
		};
		FBB408A12919E53B00DC8F63 /* Resources */ = {
			isa = PBXResourcesBuildPhase;
			buildActionMask = 2147483647;
			files = (
			);
			runOnlyForDeploymentPostprocessing = 0;
		};
		FBB408AB2919E53B00DC8F63 /* Resources */ = {
			isa = PBXResourcesBuildPhase;
			buildActionMask = 2147483647;
			files = (
			);
			runOnlyForDeploymentPostprocessing = 0;
		};
/* End PBXResourcesBuildPhase section */

/* Begin PBXSourcesBuildPhase section */
		FBB408892919E53900DC8F63 /* Sources */ = {
			isa = PBXSourcesBuildPhase;
			buildActionMask = 2147483647;
			files = (
				FBB408C22919E58100DC8F63 /* AViewController.swift in Sources */,
				FBB408912919E53900DC8F63 /* AppDelegate.swift in Sources */,
				FBB408C42919E58B00DC8F63 /* BViewController.swift in Sources */,
				FBB408CA2919E5B600DC8F63 /* EViewController.swift in Sources */,
				FBB408C82919E5AA00DC8F63 /* DViewController.swift in Sources */,
				FBB408C62919E5A000DC8F63 /* CViewController.swift in Sources */,
				FBB408932919E53900DC8F63 /* SceneDelegate.swift in Sources */,
			);
			runOnlyForDeploymentPostprocessing = 0;
		};
		FBB4089F2919E53B00DC8F63 /* Sources */ = {
			isa = PBXSourcesBuildPhase;
			buildActionMask = 2147483647;
			files = (
				FBB408A82919E53B00DC8F63 /* UnwindSegueWorkShopTests.swift in Sources */,
			);
			runOnlyForDeploymentPostprocessing = 0;
		};
		FBB408A92919E53B00DC8F63 /* Sources */ = {
			isa = PBXSourcesBuildPhase;
			buildActionMask = 2147483647;
			files = (
				FBB408B42919E53C00DC8F63 /* UnwindSegueWorkShopUITestsLaunchTests.swift in Sources */,
				FBB408B22919E53C00DC8F63 /* UnwindSegueWorkShopUITests.swift in Sources */,
			);
			runOnlyForDeploymentPostprocessing = 0;
		};
/* End PBXSourcesBuildPhase section */

/* Begin PBXTargetDependency section */
		FBB408A52919E53B00DC8F63 /* PBXTargetDependency */ = {
			isa = PBXTargetDependency;
			target = FBB4088C2919E53900DC8F63 /* UnwindSegueWorkShop */;
			targetProxy = FBB408A42919E53B00DC8F63 /* PBXContainerItemProxy */;
		};
		FBB408AF2919E53C00DC8F63 /* PBXTargetDependency */ = {
			isa = PBXTargetDependency;
			target = FBB4088C2919E53900DC8F63 /* UnwindSegueWorkShop */;
			targetProxy = FBB408AE2919E53C00DC8F63 /* PBXContainerItemProxy */;
		};
/* End PBXTargetDependency section */

/* Begin PBXVariantGroup section */
		FBB408962919E53900DC8F63 /* Main.storyboard */ = {
			isa = PBXVariantGroup;
			children = (
				FBB408972919E53900DC8F63 /* Base */,
			);
			name = Main.storyboard;
			sourceTree = "<group>";
		};
		FBB4089B2919E53B00DC8F63 /* LaunchScreen.storyboard */ = {
			isa = PBXVariantGroup;
			children = (
				FBB4089C2919E53B00DC8F63 /* Base */,
			);
			name = LaunchScreen.storyboard;
			sourceTree = "<group>";
		};
/* End PBXVariantGroup section */

/* Begin XCBuildConfiguration section */
		FBB408B52919E53C00DC8F63 /* Debug */ = {
			isa = XCBuildConfiguration;
			buildSettings = {
				ALWAYS_SEARCH_USER_PATHS = NO;
				CLANG_ANALYZER_NONNULL = YES;
				CLANG_ANALYZER_NUMBER_OBJECT_CONVERSION = YES_AGGRESSIVE;
				CLANG_CXX_LANGUAGE_STANDARD = "gnu++20";
				CLANG_ENABLE_MODULES = YES;
				CLANG_ENABLE_OBJC_ARC = YES;
				CLANG_ENABLE_OBJC_WEAK = YES;
				CLANG_WARN_BLOCK_CAPTURE_AUTORELEASING = YES;
				CLANG_WARN_BOOL_CONVERSION = YES;
				CLANG_WARN_COMMA = YES;
				CLANG_WARN_CONSTANT_CONVERSION = YES;
				CLANG_WARN_DEPRECATED_OBJC_IMPLEMENTATIONS = YES;
				CLANG_WARN_DIRECT_OBJC_ISA_USAGE = YES_ERROR;
				CLANG_WARN_DOCUMENTATION_COMMENTS = YES;
				CLANG_WARN_EMPTY_BODY = YES;
				CLANG_WARN_ENUM_CONVERSION = YES;
				CLANG_WARN_INFINITE_RECURSION = YES;
				CLANG_WARN_INT_CONVERSION = YES;
				CLANG_WARN_NON_LITERAL_NULL_CONVERSION = YES;
				CLANG_WARN_OBJC_IMPLICIT_RETAIN_SELF = YES;
				CLANG_WARN_OBJC_LITERAL_CONVERSION = YES;
				CLANG_WARN_OBJC_ROOT_CLASS = YES_ERROR;
				CLANG_WARN_QUOTED_INCLUDE_IN_FRAMEWORK_HEADER = YES;
				CLANG_WARN_RANGE_LOOP_ANALYSIS = YES;
				CLANG_WARN_STRICT_PROTOTYPES = YES;
				CLANG_WARN_SUSPICIOUS_MOVE = YES;
				CLANG_WARN_UNGUARDED_AVAILABILITY = YES_AGGRESSIVE;
				CLANG_WARN_UNREACHABLE_CODE = YES;
				CLANG_WARN__DUPLICATE_METHOD_MATCH = YES;
				COPY_PHASE_STRIP = NO;
				DEBUG_INFORMATION_FORMAT = dwarf;
				ENABLE_STRICT_OBJC_MSGSEND = YES;
				ENABLE_TESTABILITY = YES;
				GCC_C_LANGUAGE_STANDARD = gnu11;
				GCC_DYNAMIC_NO_PIC = NO;
				GCC_NO_COMMON_BLOCKS = YES;
				GCC_OPTIMIZATION_LEVEL = 0;
				GCC_PREPROCESSOR_DEFINITIONS = (
					"DEBUG=1",
					"$(inherited)",
				);
				GCC_WARN_64_TO_32_BIT_CONVERSION = YES;
				GCC_WARN_ABOUT_RETURN_TYPE = YES_ERROR;
				GCC_WARN_UNDECLARED_SELECTOR = YES;
				GCC_WARN_UNINITIALIZED_AUTOS = YES_AGGRESSIVE;
				GCC_WARN_UNUSED_FUNCTION = YES;
				GCC_WARN_UNUSED_VARIABLE = YES;
				IPHONEOS_DEPLOYMENT_TARGET = 16.1;
				MTL_ENABLE_DEBUG_INFO = INCLUDE_SOURCE;
				MTL_FAST_MATH = YES;
				ONLY_ACTIVE_ARCH = YES;
				SDKROOT = iphoneos;
				SWIFT_ACTIVE_COMPILATION_CONDITIONS = DEBUG;
				SWIFT_OPTIMIZATION_LEVEL = "-Onone";
			};
			name = Debug;
		};
		FBB408B62919E53C00DC8F63 /* Release */ = {
			isa = XCBuildConfiguration;
			buildSettings = {
				ALWAYS_SEARCH_USER_PATHS = NO;
				CLANG_ANALYZER_NONNULL = YES;
				CLANG_ANALYZER_NUMBER_OBJECT_CONVERSION = YES_AGGRESSIVE;
				CLANG_CXX_LANGUAGE_STANDARD = "gnu++20";
				CLANG_ENABLE_MODULES = YES;
				CLANG_ENABLE_OBJC_ARC = YES;
				CLANG_ENABLE_OBJC_WEAK = YES;
				CLANG_WARN_BLOCK_CAPTURE_AUTORELEASING = YES;
				CLANG_WARN_BOOL_CONVERSION = YES;
				CLANG_WARN_COMMA = YES;
				CLANG_WARN_CONSTANT_CONVERSION = YES;
				CLANG_WARN_DEPRECATED_OBJC_IMPLEMENTATIONS = YES;
				CLANG_WARN_DIRECT_OBJC_ISA_USAGE = YES_ERROR;
				CLANG_WARN_DOCUMENTATION_COMMENTS = YES;
				CLANG_WARN_EMPTY_BODY = YES;
				CLANG_WARN_ENUM_CONVERSION = YES;
				CLANG_WARN_INFINITE_RECURSION = YES;
				CLANG_WARN_INT_CONVERSION = YES;
				CLANG_WARN_NON_LITERAL_NULL_CONVERSION = YES;
				CLANG_WARN_OBJC_IMPLICIT_RETAIN_SELF = YES;
				CLANG_WARN_OBJC_LITERAL_CONVERSION = YES;
				CLANG_WARN_OBJC_ROOT_CLASS = YES_ERROR;
				CLANG_WARN_QUOTED_INCLUDE_IN_FRAMEWORK_HEADER = YES;
				CLANG_WARN_RANGE_LOOP_ANALYSIS = YES;
				CLANG_WARN_STRICT_PROTOTYPES = YES;
				CLANG_WARN_SUSPICIOUS_MOVE = YES;
				CLANG_WARN_UNGUARDED_AVAILABILITY = YES_AGGRESSIVE;
				CLANG_WARN_UNREACHABLE_CODE = YES;
				CLANG_WARN__DUPLICATE_METHOD_MATCH = YES;
				COPY_PHASE_STRIP = NO;
				DEBUG_INFORMATION_FORMAT = "dwarf-with-dsym";
				ENABLE_NS_ASSERTIONS = NO;
				ENABLE_STRICT_OBJC_MSGSEND = YES;
				GCC_C_LANGUAGE_STANDARD = gnu11;
				GCC_NO_COMMON_BLOCKS = YES;
				GCC_WARN_64_TO_32_BIT_CONVERSION = YES;
				GCC_WARN_ABOUT_RETURN_TYPE = YES_ERROR;
				GCC_WARN_UNDECLARED_SELECTOR = YES;
				GCC_WARN_UNINITIALIZED_AUTOS = YES_AGGRESSIVE;
				GCC_WARN_UNUSED_FUNCTION = YES;
				GCC_WARN_UNUSED_VARIABLE = YES;
				IPHONEOS_DEPLOYMENT_TARGET = 16.1;
				MTL_ENABLE_DEBUG_INFO = NO;
				MTL_FAST_MATH = YES;
				SDKROOT = iphoneos;
				SWIFT_COMPILATION_MODE = wholemodule;
				SWIFT_OPTIMIZATION_LEVEL = "-O";
				VALIDATE_PRODUCT = YES;
			};
			name = Release;
		};
		FBB408B82919E53C00DC8F63 /* Debug */ = {
			isa = XCBuildConfiguration;
			buildSettings = {
				ASSETCATALOG_COMPILER_APPICON_NAME = AppIcon;
				ASSETCATALOG_COMPILER_GLOBAL_ACCENT_COLOR_NAME = AccentColor;
				CODE_SIGN_STYLE = Automatic;
				CURRENT_PROJECT_VERSION = 1;
				DEVELOPMENT_TEAM = TAK4FJ62ZZ;
				GENERATE_INFOPLIST_FILE = YES;
				INFOPLIST_FILE = UnwindSegueWorkShop/Info.plist;
				INFOPLIST_KEY_UIApplicationSupportsIndirectInputEvents = YES;
				INFOPLIST_KEY_UILaunchStoryboardName = LaunchScreen;
				INFOPLIST_KEY_UIMainStoryboardFile = Main;
				INFOPLIST_KEY_UISupportedInterfaceOrientations_iPad = "UIInterfaceOrientationPortrait UIInterfaceOrientationPortraitUpsideDown UIInterfaceOrientationLandscapeLeft UIInterfaceOrientationLandscapeRight";
				INFOPLIST_KEY_UISupportedInterfaceOrientations_iPhone = "UIInterfaceOrientationPortrait UIInterfaceOrientationLandscapeLeft UIInterfaceOrientationLandscapeRight";
				LD_RUNPATH_SEARCH_PATHS = (
					"$(inherited)",
					"@executable_path/Frameworks",
				);
				MARKETING_VERSION = 1.0;
				PRODUCT_BUNDLE_IDENTIFIER = com.workshop.UnwindSegueWorkShop;
				PRODUCT_NAME = "$(TARGET_NAME)";
				SWIFT_EMIT_LOC_STRINGS = YES;
				SWIFT_VERSION = 5.0;
				TARGETED_DEVICE_FAMILY = "1,2";
			};
			name = Debug;
		};
		FBB408B92919E53C00DC8F63 /* Release */ = {
			isa = XCBuildConfiguration;
			buildSettings = {
				ASSETCATALOG_COMPILER_APPICON_NAME = AppIcon;
				ASSETCATALOG_COMPILER_GLOBAL_ACCENT_COLOR_NAME = AccentColor;
				CODE_SIGN_STYLE = Automatic;
				CURRENT_PROJECT_VERSION = 1;
				DEVELOPMENT_TEAM = TAK4FJ62ZZ;
				GENERATE_INFOPLIST_FILE = YES;
				INFOPLIST_FILE = UnwindSegueWorkShop/Info.plist;
				INFOPLIST_KEY_UIApplicationSupportsIndirectInputEvents = YES;
				INFOPLIST_KEY_UILaunchStoryboardName = LaunchScreen;
				INFOPLIST_KEY_UIMainStoryboardFile = Main;
				INFOPLIST_KEY_UISupportedInterfaceOrientations_iPad = "UIInterfaceOrientationPortrait UIInterfaceOrientationPortraitUpsideDown UIInterfaceOrientationLandscapeLeft UIInterfaceOrientationLandscapeRight";
				INFOPLIST_KEY_UISupportedInterfaceOrientations_iPhone = "UIInterfaceOrientationPortrait UIInterfaceOrientationLandscapeLeft UIInterfaceOrientationLandscapeRight";
				LD_RUNPATH_SEARCH_PATHS = (
					"$(inherited)",
					"@executable_path/Frameworks",
				);
				MARKETING_VERSION = 1.0;
				PRODUCT_BUNDLE_IDENTIFIER = com.workshop.UnwindSegueWorkShop;
				PRODUCT_NAME = "$(TARGET_NAME)";
				SWIFT_EMIT_LOC_STRINGS = YES;
				SWIFT_VERSION = 5.0;
				TARGETED_DEVICE_FAMILY = "1,2";
			};
			name = Release;
		};
		FBB408BB2919E53C00DC8F63 /* Debug */ = {
			isa = XCBuildConfiguration;
			buildSettings = {
				ALWAYS_EMBED_SWIFT_STANDARD_LIBRARIES = YES;
				BUNDLE_LOADER = "$(TEST_HOST)";
				CODE_SIGN_STYLE = Automatic;
				CURRENT_PROJECT_VERSION = 1;
				DEVELOPMENT_TEAM = TAK4FJ62ZZ;
				GENERATE_INFOPLIST_FILE = YES;
				IPHONEOS_DEPLOYMENT_TARGET = 16.1;
				MARKETING_VERSION = 1.0;
				PRODUCT_BUNDLE_IDENTIFIER = com.workshop.UnwindSegueWorkShopTests;
				PRODUCT_NAME = "$(TARGET_NAME)";
				SWIFT_EMIT_LOC_STRINGS = NO;
				SWIFT_VERSION = 5.0;
				TARGETED_DEVICE_FAMILY = "1,2";
				TEST_HOST = "$(BUILT_PRODUCTS_DIR)/UnwindSegueWorkShop.app/$(BUNDLE_EXECUTABLE_FOLDER_PATH)/UnwindSegueWorkShop";
			};
			name = Debug;
		};
		FBB408BC2919E53C00DC8F63 /* Release */ = {
			isa = XCBuildConfiguration;
			buildSettings = {
				ALWAYS_EMBED_SWIFT_STANDARD_LIBRARIES = YES;
				BUNDLE_LOADER = "$(TEST_HOST)";
				CODE_SIGN_STYLE = Automatic;
				CURRENT_PROJECT_VERSION = 1;
				DEVELOPMENT_TEAM = TAK4FJ62ZZ;
				GENERATE_INFOPLIST_FILE = YES;
				IPHONEOS_DEPLOYMENT_TARGET = 16.1;
				MARKETING_VERSION = 1.0;
				PRODUCT_BUNDLE_IDENTIFIER = com.workshop.UnwindSegueWorkShopTests;
				PRODUCT_NAME = "$(TARGET_NAME)";
				SWIFT_EMIT_LOC_STRINGS = NO;
				SWIFT_VERSION = 5.0;
				TARGETED_DEVICE_FAMILY = "1,2";
				TEST_HOST = "$(BUILT_PRODUCTS_DIR)/UnwindSegueWorkShop.app/$(BUNDLE_EXECUTABLE_FOLDER_PATH)/UnwindSegueWorkShop";
			};
			name = Release;
		};
		FBB408BE2919E53C00DC8F63 /* Debug */ = {
			isa = XCBuildConfiguration;
			buildSettings = {
				ALWAYS_EMBED_SWIFT_STANDARD_LIBRARIES = YES;
				CODE_SIGN_STYLE = Automatic;
				CURRENT_PROJECT_VERSION = 1;
				DEVELOPMENT_TEAM = TAK4FJ62ZZ;
				GENERATE_INFOPLIST_FILE = YES;
				MARKETING_VERSION = 1.0;
				PRODUCT_BUNDLE_IDENTIFIER = com.workshop.UnwindSegueWorkShopUITests;
				PRODUCT_NAME = "$(TARGET_NAME)";
				SWIFT_EMIT_LOC_STRINGS = NO;
				SWIFT_VERSION = 5.0;
				TARGETED_DEVICE_FAMILY = "1,2";
				TEST_TARGET_NAME = UnwindSegueWorkShop;
			};
			name = Debug;
		};
		FBB408BF2919E53C00DC8F63 /* Release */ = {
			isa = XCBuildConfiguration;
			buildSettings = {
				ALWAYS_EMBED_SWIFT_STANDARD_LIBRARIES = YES;
				CODE_SIGN_STYLE = Automatic;
				CURRENT_PROJECT_VERSION = 1;
				DEVELOPMENT_TEAM = TAK4FJ62ZZ;
				GENERATE_INFOPLIST_FILE = YES;
				MARKETING_VERSION = 1.0;
				PRODUCT_BUNDLE_IDENTIFIER = com.workshop.UnwindSegueWorkShopUITests;
				PRODUCT_NAME = "$(TARGET_NAME)";
				SWIFT_EMIT_LOC_STRINGS = NO;
				SWIFT_VERSION = 5.0;
				TARGETED_DEVICE_FAMILY = "1,2";
				TEST_TARGET_NAME = UnwindSegueWorkShop;
			};
			name = Release;
		};
/* End XCBuildConfiguration section */

/* Begin XCConfigurationList section */
		FBB408882919E53900DC8F63 /* Build configuration list for PBXProject "UnwindSegueWorkShop" */ = {
			isa = XCConfigurationList;
			buildConfigurations = (
				FBB408B52919E53C00DC8F63 /* Debug */,
				FBB408B62919E53C00DC8F63 /* Release */,
			);
			defaultConfigurationIsVisible = 0;
			defaultConfigurationName = Release;
		};
		FBB408B72919E53C00DC8F63 /* Build configuration list for PBXNativeTarget "UnwindSegueWorkShop" */ = {
			isa = XCConfigurationList;
			buildConfigurations = (
				FBB408B82919E53C00DC8F63 /* Debug */,
				FBB408B92919E53C00DC8F63 /* Release */,
			);
			defaultConfigurationIsVisible = 0;
			defaultConfigurationName = Release;
		};
		FBB408BA2919E53C00DC8F63 /* Build configuration list for PBXNativeTarget "UnwindSegueWorkShopTests" */ = {
			isa = XCConfigurationList;
			buildConfigurations = (
				FBB408BB2919E53C00DC8F63 /* Debug */,
				FBB408BC2919E53C00DC8F63 /* Release */,
			);
			defaultConfigurationIsVisible = 0;
			defaultConfigurationName = Release;
		};
		FBB408BD2919E53C00DC8F63 /* Build configuration list for PBXNativeTarget "UnwindSegueWorkShopUITests" */ = {
			isa = XCConfigurationList;
			buildConfigurations = (
				FBB408BE2919E53C00DC8F63 /* Debug */,
				FBB408BF2919E53C00DC8F63 /* Release */,
			);
			defaultConfigurationIsVisible = 0;
			defaultConfigurationName = Release;
		};
/* End XCConfigurationList section */
	};
	rootObject = FBB408852919E53900DC8F63 /* Project object */;
}
